
Microsoft Visual Studio Solution File, Format Version 12.00
# Visual Studio 15
VisualStudioVersion = 15.0.27130.2036
MinimumVisualStudioVersion = 10.0.40219.1
Project("{FAE04EC0-301F-11D3-BF4B-00C04F79EFBC}") = "Auxiliary", "Auxiliary\Auxiliary.csproj", "{EC031C5F-CAFA-499C-8B8E-948132A3C4E6}"
EndProject
Project("{FAE04EC0-301F-11D3-BF4B-00C04F79EFBC}") = "Age of Scouts", "ImprovedXnaGame\ImprovedXnaGame\Age of Scouts.csproj", "{37701058-C14C-4C28-9CDB-FE21A8D96D1C}"
EndProject
Project("{FAE04EC0-301F-11D3-BF4B-00C04F79EFBC}") = "PrimaryContent", "ImprovedXnaGame\ImprovedXnaGameContent\PrimaryContent.contentproj", "{1A620733-890A-4F3C-A445-81C9F432224C}"
EndProject
Project("{FAE04EC0-301F-11D3-BF4B-00C04F79EFBC}") = "AuxiliaryContent", "AuxiliaryContent\AuxiliaryContent.contentproj", "{6D1B8518-2ED6-4858-B9DC-59AC2332FDD1}"
EndProject
Project("{FAE04EC0-301F-11D3-BF4B-00C04F79EFBC}") = "Cother", "Cother\Cother.csproj", "{501E8363-3A27-49F3-83B9-0111C1DDC740}"
EndProject
Global
	GlobalSection(SolutionConfigurationPlatforms) = preSolution
		Debug|Any CPU = Debug|Any CPU
		Debug|Mixed Platforms = Debug|Mixed Platforms
		Debug|x86 = Debug|x86
		Release|Any CPU = Release|Any CPU
		Release|Mixed Platforms = Release|Mixed Platforms
		Release|x86 = Release|x86
	EndGlobalSection
	GlobalSection(ProjectConfigurationPlatforms) = postSolution
		{EC031C5F-CAFA-499C-8B8E-948132A3C4E6}.Debug|Any CPU.ActiveCfg = Debug|x86
		{EC031C5F-CAFA-499C-8B8E-948132A3C4E6}.Debug|Mixed Platforms.ActiveCfg = Debug|x86
		{EC031C5F-CAFA-499C-8B8E-948132A3C4E6}.Debug|Mixed Platforms.Build.0 = Debug|x86
		{EC031C5F-CAFA-499C-8B8E-948132A3C4E6}.Debug|x86.ActiveCfg = Debug|x86
		{EC031C5F-CAFA-499C-8B8E-948132A3C4E6}.Debug|x86.Build.0 = Debug|x86
		{EC031C5F-CAFA-499C-8B8E-948132A3C4E6}.Release|Any CPU.ActiveCfg = Release|x86
		{EC031C5F-CAFA-499C-8B8E-948132A3C4E6}.Release|Mixed Platforms.ActiveCfg = Release|x86
		{EC031C5F-CAFA-499C-8B8E-948132A3C4E6}.Release|Mixed Platforms.Build.0 = Release|x86
		{EC031C5F-CAFA-499C-8B8E-948132A3C4E6}.Release|x86.ActiveCfg = Release|x86
		{EC031C5F-CAFA-499C-8B8E-948132A3C4E6}.Release|x86.Build.0 = Release|x86
		{37701058-C14C-4C28-9CDB-FE21A8D96D1C}.Debug|Any CPU.ActiveCfg = Debug|x86
		{37701058-C14C-4C28-9CDB-FE21A8D96D1C}.Debug|Mixed Platforms.ActiveCfg = Debug|x86
		{37701058-C14C-4C28-9CDB-FE21A8D96D1C}.Debug|Mixed Platforms.Build.0 = Debug|x86
		{37701058-C14C-4C28-9CDB-FE21A8D96D1C}.Debug|x86.ActiveCfg = Debug|x86
		{37701058-C14C-4C28-9CDB-FE21A8D96D1C}.Debug|x86.Build.0 = Debug|x86
		{37701058-C14C-4C28-9CDB-FE21A8D96D1C}.Release|Any CPU.ActiveCfg = Release|x86
		{37701058-C14C-4C28-9CDB-FE21A8D96D1C}.Release|Mixed Platforms.ActiveCfg = Release|x86
		{37701058-C14C-4C28-9CDB-FE21A8D96D1C}.Release|Mixed Platforms.Build.0 = Release|x86
		{37701058-C14C-4C28-9CDB-FE21A8D96D1C}.Release|x86.ActiveCfg = Release|x86
		{37701058-C14C-4C28-9CDB-FE21A8D96D1C}.Release|x86.Build.0 = Release|x86
		{1A620733-890A-4F3C-A445-81C9F432224C}.Debug|Any CPU.ActiveCfg = Debug|x86
		{1A620733-890A-4F3C-A445-81C9F432224C}.Debug|Mixed Platforms.ActiveCfg = Debug|x86
		{1A620733-890A-4F3C-A445-81C9F432224C}.Debug|x86.ActiveCfg = Debug|x86
		{1A620733-890A-4F3C-A445-81C9F432224C}.Release|Any CPU.ActiveCfg = Release|x86
		{1A620733-890A-4F3C-A445-81C9F432224C}.Release|Mixed Platforms.ActiveCfg = Release|x86
		{1A620733-890A-4F3C-A445-81C9F432224C}.Release|x86.ActiveCfg = Release|x86
		{6D1B8518-2ED6-4858-B9DC-59AC2332FDD1}.Debug|Any CPU.ActiveCfg = Debug|Any CPU
		{6D1B8518-2ED6-4858-B9DC-59AC2332FDD1}.Debug|Mixed Platforms.ActiveCfg = Debug|Any CPU
		{6D1B8518-2ED6-4858-B9DC-59AC2332FDD1}.Debug|x86.ActiveCfg = Debug|Any CPU
		{6D1B8518-2ED6-4858-B9DC-59AC2332FDD1}.Release|Any CPU.ActiveCfg = Debug|Any CPU
		{6D1B8518-2ED6-4858-B9DC-59AC2332FDD1}.Release|Mixed Platforms.ActiveCfg = Debug|Any CPU
		{6D1B8518-2ED6-4858-B9DC-59AC2332FDD1}.Release|x86.ActiveCfg = Debug|Any CPU
		{501E8363-3A27-49F3-83B9-0111C1DDC740}.Debug|Any CPU.ActiveCfg = Debug|Any CPU
		{501E8363-3A27-49F3-83B9-0111C1DDC740}.Debug|Any CPU.Build.0 = Debug|Any CPU
		{501E8363-3A27-49F3-83B9-0111C1DDC740}.Debug|Mixed Platforms.ActiveCfg = Debug|Any CPU
		{501E8363-3A27-49F3-83B9-0111C1DDC740}.Debug|Mixed Platforms.Build.0 = Debug|Any CPU
		{501E8363-3A27-49F3-83B9-0111C1DDC740}.Debug|x86.ActiveCfg = Debug|Any CPU
		{501E8363-3A27-49F3-83B9-0111C1DDC740}.Debug|x86.Build.0 = Debug|Any CPU
		{501E8363-3A27-49F3-83B9-0111C1DDC740}.Release|Any CPU.ActiveCfg = Release|Any CPU
		{501E8363-3A27-49F3-83B9-0111C1DDC740}.Release|Any CPU.Build.0 = Release|Any CPU
		{501E8363-3A27-49F3-83B9-0111C1DDC740}.Release|Mixed Platforms.ActiveCfg = Release|Any CPU
		{501E8363-3A27-49F3-83B9-0111C1DDC740}.Release|Mixed Platforms.Build.0 = Release|Any CPU
		{501E8363-3A27-49F3-83B9-0111C1DDC740}.Release|x86.ActiveCfg = Release|Any CPU
		{501E8363-3A27-49F3-83B9-0111C1DDC740}.Release|x86.Build.0 = Release|Any CPU
	EndGlobalSection
	GlobalSection(SolutionProperties) = preSolution
		HideSolutionNode = FALSE
	EndGlobalSection
	GlobalSection(ExtensibilityGlobals) = postSolution
		SolutionGuid = {C5A56F1F-C7D7-45E8-BB89-57D7AF5DCD4D}
	EndGlobalSection
	GlobalSection(Performance) = preSolution
		HasPerformanceSessions = true
	EndGlobalSection
	GlobalSection(Performance) = preSolution
		HasPerformanceSessions = true
	EndGlobalSection
	GlobalSection(Performance) = preSolution
		HasPerformanceSessions = true
	EndGlobalSection
	GlobalSection(Performance) = preSolution
		HasPerformanceSessions = true
	EndGlobalSection
	GlobalSection(Performance) = preSolution
		HasPerformanceSessions = true
	EndGlobalSection
	GlobalSection(Performance) = preSolution
		HasPerformanceSessions = true
	EndGlobalSection
	GlobalSection(Performance) = preSolution
		HasPerformanceSessions = true
	EndGlobalSection
EndGlobal
